
Microsoft Visual Studio Solution File, Format Version 12.00
# Visual Studio Version 16
VisualStudioVersion = 16.0.31702.278
MinimumVisualStudioVersion = 10.0.40219.1
Project("{2150E333-8FDC-42A3-9474-1A3956D46DE8}") = "Src", "Src", "{78865F3F-9A8C-4B63-8859-FF86421AED6A}"
EndProject
Project("{2150E333-8FDC-42A3-9474-1A3956D46DE8}") = "Tests", "Tests", "{3F8C8585-29D1-4892-9FBB-C92A1CC21171}"
EndProject
Project("{2150E333-8FDC-42A3-9474-1A3956D46DE8}") = "01 Gateway", "01 Gateway", "{68FE8B27-FA91-4CB4-A1BF-8D3CF7C9283E}"
EndProject
Project("{2150E333-8FDC-42A3-9474-1A3956D46DE8}") = "02 Services", "02 Services", "{C483FEB5-41D4-46AA-99DF-E88F98F1D118}"
EndProject
Project("{9A19103F-16F7-4668-BE54-9A1E7A4F7556}") = "airline.management.api", "airline.management.api\airline.management.api.csproj", "{4C7F28FE-B1A3-4D9F-A238-FC1757EEA1C3}"
EndProject
Project("{2150E333-8FDC-42A3-9474-1A3956D46DE8}") = "Orchestrator", "Orchestrator", "{1854F311-D2BE-49DB-BB50-1AD04EFE1BA0}"
EndProject
Project("{2150E333-8FDC-42A3-9474-1A3956D46DE8}") = "FlightDetail", "FlightDetail", "{CBFF51D5-396A-42B6-B014-78CA40262270}"
EndProject
Project("{2150E333-8FDC-42A3-9474-1A3956D46DE8}") = "Customers", "Customers", "{57B31053-46EC-49B6-B020-A971CF04A037}"
EndProject
Project("{2150E333-8FDC-42A3-9474-1A3956D46DE8}") = "Payments", "Payments", "{EBC9FF95-ED90-4678-AB4F-E07E84F12657}"
EndProject
Project("{2150E333-8FDC-42A3-9474-1A3956D46DE8}") = "Orders", "Orders", "{52C3B097-E94F-437C-A33E-65A66E1A0358}"
EndProject
Project("{2150E333-8FDC-42A3-9474-1A3956D46DE8}") = "Notifications", "Notifications", "{5A658984-A806-4C20-B72F-7850E1C870D7}"
EndProject
Project("{9A19103F-16F7-4668-BE54-9A1E7A4F7556}") = "airline.customers.service", "airline.customers.service\airline.customers.service.csproj", "{6188DCD7-13E5-4F16-86A1-D4B930B06E6B}"
EndProject
Project("{9A19103F-16F7-4668-BE54-9A1E7A4F7556}") = "airline.notification.service", "airline.notification.service\airline.notification.service.csproj", "{E2F21F4F-4B83-4725-A364-312247246512}"
EndProject
Project("{9A19103F-16F7-4668-BE54-9A1E7A4F7556}") = "airline.orchestrator.service", "airline.orchestrator.service\airline.orchestrator.service.csproj", "{CA66FC44-A1C0-4C85-8E7A-10FDED1DD067}"
EndProject
Project("{9A19103F-16F7-4668-BE54-9A1E7A4F7556}") = "airline.orders.service", "airline.orders.service\airline.orders.service.csproj", "{18285A7A-9D1E-446A-AB9A-B49A7BFBC928}"
EndProject
Project("{9A19103F-16F7-4668-BE54-9A1E7A4F7556}") = "airline.payment.service", "airline.payment.service\airline.payment.service.csproj", "{1D3B3D82-64B4-46CE-A362-B7756573A2BA}"
EndProject
Project("{9A19103F-16F7-4668-BE54-9A1E7A4F7556}") = "airline.flightdetail.api", "airline.flightdetail.api\airline.flightdetail.api.csproj", "{56677724-70CF-452A-B720-D72128831973}"
EndProject
Project("{2150E333-8FDC-42A3-9474-1A3956D46DE8}") = "03 Library", "03 Library", "{9AA31426-8EDB-44E2-ADAE-834AD9C133D3}"
EndProject
Project("{2150E333-8FDC-42A3-9474-1A3956D46DE8}") = "Database", "Database", "{C1369514-769B-4E34-A5B4-5BFC1A5F6443}"
EndProject
Project("{9A19103F-16F7-4668-BE54-9A1E7A4F7556}") = "airline.management.sharedkernal", "airline.management.sharedkernal\airline.management.sharedkernal.csproj", "{24614C09-2C60-45F2-AB30-48CAB4D03B72}"
EndProject
Project("{9A19103F-16F7-4668-BE54-9A1E7A4F7556}") = "airline.management.abstractions", "airline.management.abstractions\airline.management.abstractions.csproj", "{2B7DF4ED-FD3D-4FDF-B752-8F25570E5EAE}"
EndProject
Project("{00D1A9C2-B5F0-4AF3-8072-F6C62B433612}") = "FlightDetails.database", "FlightDetails.database\FlightDetails.database.sqlproj", "{AFF9A82B-134C-4226-BAB0-7DC6FEC283B3}"
EndProject
Project("{9A19103F-16F7-4668-BE54-9A1E7A4F7556}") = "airline.management.application", "airline.management.application\airline.management.application.csproj", "{F5283E64-54CA-4FAF-BF22-2BB8AA5AF3F5}"
EndProject
Project("{9A19103F-16F7-4668-BE54-9A1E7A4F7556}") = "airline.management.domain", "airline.management.domain\airline.management.domain.csproj", "{259460D7-604C-4BE0-9743-EF8A38FAE5D8}"
EndProject
Project("{9A19103F-16F7-4668-BE54-9A1E7A4F7556}") = "airline.management.infrastructure", "airline.management.infrastructure\airline.management.infrastructure.csproj", "{85BF4468-DB8A-40D5-8304-8FB4EB160A1E}"
EndProject
Project("{2150E333-8FDC-42A3-9474-1A3956D46DE8}") = "04 Migration", "04 Migration", "{F54AF58A-50CC-4895-9510-9B0A776DCD8E}"
EndProject
Project("{9A19103F-16F7-4668-BE54-9A1E7A4F7556}") = "database.migration.app", "database.migration.app\database.migration.app.csproj", "{840332BD-2A31-4805-B127-88EE478CF170}"
EndProject
Project("{00D1A9C2-B5F0-4AF3-8072-F6C62B433612}") = "Customer.database", "Customer.database\Customer.database.sqlproj", "{F87F2264-172E-4602-A3F1-D235ACAB4F1C}"
EndProject
Project("{00D1A9C2-B5F0-4AF3-8072-F6C62B433612}") = "Order.database", "Order.database\Order.database.sqlproj", "{3C946E9D-2E6F-4988-8B00-2D5B75F897F3}"
EndProject
Project("{00D1A9C2-B5F0-4AF3-8072-F6C62B433612}") = "Payment.database", "Payment.database\Payment.database.sqlproj", "{D096401D-74FE-4ED7-9981-F1E428E04FC5}"
EndProject
Project("{2150E333-8FDC-42A3-9474-1A3956D46DE8}") = "Seeds", "Seeds", "{CEF617EA-3AA9-4E65-AB19-41C1E87EABDE}"
	ProjectSection(SolutionItems) = preProject
		FlightDetails-Data.sql = FlightDetails-Data.sql
	EndProjectSection
EndProject
Project("{00D1A9C2-B5F0-4AF3-8072-F6C62B433612}") = "Orchestrator.database", "Orchestrator.database\Orchestrator.database.sqlproj", "{EB9A38F8-E8D7-4540-A154-96013AF5620B}"
EndProject
Project("{2150E333-8FDC-42A3-9474-1A3956D46DE8}") = "Gateway", "Gateway", "{1EF08978-5E59-4722-ACDB-E0A14246D74A}"
EndProject
Project("{2150E333-8FDC-42A3-9474-1A3956D46DE8}") = "Order", "Order", "{ACD9F9D7-8C2E-4334-8563-0FBF3603A5FE}"
EndProject
Project("{2150E333-8FDC-42A3-9474-1A3956D46DE8}") = "Customer", "Customer", "{00B399E3-050C-4087-8944-86CE06CA2268}"
EndProject
Project("{9A19103F-16F7-4668-BE54-9A1E7A4F7556}") = "airline.management.infrastructure.test", "airline.management.infrastructure.test\airline.management.infrastructure.test.csproj", "{D72416A6-AE29-4189-98DD-69A422A4B689}"
EndProject
Project("{9A19103F-16F7-4668-BE54-9A1E7A4F7556}") = "airline.management.application.test", "airline.management.application.test\airline.management.application.test.csproj", "{FEEDB02D-ABFA-45AD-9DEE-D96A18A0DBC4}"
EndProject
Project("{9A19103F-16F7-4668-BE54-9A1E7A4F7556}") = "airline.customer.service.test", "airline.customer.service.test\airline.customer.service.test.csproj", "{F2D8BF58-C760-42CE-BE32-8A55C6213E0A}"
EndProject
Project("{9A19103F-16F7-4668-BE54-9A1E7A4F7556}") = "airline.orders.service.test", "airline.orders.service.test\airline.orders.service.test.csproj", "{8217A386-F18F-4FFF-A94E-1A1FA163BC90}"
EndProject
Project("{2150E333-8FDC-42A3-9474-1A3956D46DE8}") = "Orchestrator", "Orchestrator", "{AAEB1157-0BF6-48BA-8194-E7671ACF4194}"
EndProject
Project("{FAE04EC0-301F-11D3-BF4B-00C04F79EFBC}") = "airline.orchestrator.service.test", "airline.orchestrator.service.test\airline.orchestrator.service.test.csproj", "{66B154F5-AA2E-482F-9AA9-AB4AE4AEEE54}"
EndProject
Global
	GlobalSection(SolutionConfigurationPlatforms) = preSolution
		Debug|Any CPU = Debug|Any CPU
		Release|Any CPU = Release|Any CPU
	EndGlobalSection
	GlobalSection(ProjectConfigurationPlatforms) = postSolution
		{4C7F28FE-B1A3-4D9F-A238-FC1757EEA1C3}.Debug|Any CPU.ActiveCfg = Debug|Any CPU
		{4C7F28FE-B1A3-4D9F-A238-FC1757EEA1C3}.Debug|Any CPU.Build.0 = Debug|Any CPU
		{4C7F28FE-B1A3-4D9F-A238-FC1757EEA1C3}.Release|Any CPU.ActiveCfg = Release|Any CPU
		{4C7F28FE-B1A3-4D9F-A238-FC1757EEA1C3}.Release|Any CPU.Build.0 = Release|Any CPU
		{6188DCD7-13E5-4F16-86A1-D4B930B06E6B}.Debug|Any CPU.ActiveCfg = Debug|Any CPU
		{6188DCD7-13E5-4F16-86A1-D4B930B06E6B}.Debug|Any CPU.Build.0 = Debug|Any CPU
		{6188DCD7-13E5-4F16-86A1-D4B930B06E6B}.Release|Any CPU.ActiveCfg = Release|Any CPU
		{6188DCD7-13E5-4F16-86A1-D4B930B06E6B}.Release|Any CPU.Build.0 = Release|Any CPU
		{E2F21F4F-4B83-4725-A364-312247246512}.Debug|Any CPU.ActiveCfg = Debug|Any CPU
		{E2F21F4F-4B83-4725-A364-312247246512}.Debug|Any CPU.Build.0 = Debug|Any CPU
		{E2F21F4F-4B83-4725-A364-312247246512}.Release|Any CPU.ActiveCfg = Release|Any CPU
		{E2F21F4F-4B83-4725-A364-312247246512}.Release|Any CPU.Build.0 = Release|Any CPU
		{CA66FC44-A1C0-4C85-8E7A-10FDED1DD067}.Debug|Any CPU.ActiveCfg = Debug|Any CPU
		{CA66FC44-A1C0-4C85-8E7A-10FDED1DD067}.Debug|Any CPU.Build.0 = Debug|Any CPU
		{CA66FC44-A1C0-4C85-8E7A-10FDED1DD067}.Release|Any CPU.ActiveCfg = Release|Any CPU
		{CA66FC44-A1C0-4C85-8E7A-10FDED1DD067}.Release|Any CPU.Build.0 = Release|Any CPU
		{18285A7A-9D1E-446A-AB9A-B49A7BFBC928}.Debug|Any CPU.ActiveCfg = Debug|Any CPU
		{18285A7A-9D1E-446A-AB9A-B49A7BFBC928}.Debug|Any CPU.Build.0 = Debug|Any CPU
		{18285A7A-9D1E-446A-AB9A-B49A7BFBC928}.Release|Any CPU.ActiveCfg = Release|Any CPU
		{18285A7A-9D1E-446A-AB9A-B49A7BFBC928}.Release|Any CPU.Build.0 = Release|Any CPU
		{1D3B3D82-64B4-46CE-A362-B7756573A2BA}.Debug|Any CPU.ActiveCfg = Debug|Any CPU
		{1D3B3D82-64B4-46CE-A362-B7756573A2BA}.Debug|Any CPU.Build.0 = Debug|Any CPU
		{1D3B3D82-64B4-46CE-A362-B7756573A2BA}.Release|Any CPU.ActiveCfg = Release|Any CPU
		{1D3B3D82-64B4-46CE-A362-B7756573A2BA}.Release|Any CPU.Build.0 = Release|Any CPU
		{56677724-70CF-452A-B720-D72128831973}.Debug|Any CPU.ActiveCfg = Debug|Any CPU
		{56677724-70CF-452A-B720-D72128831973}.Debug|Any CPU.Build.0 = Debug|Any CPU
		{56677724-70CF-452A-B720-D72128831973}.Release|Any CPU.ActiveCfg = Release|Any CPU
		{56677724-70CF-452A-B720-D72128831973}.Release|Any CPU.Build.0 = Release|Any CPU
		{24614C09-2C60-45F2-AB30-48CAB4D03B72}.Debug|Any CPU.ActiveCfg = Debug|Any CPU
		{24614C09-2C60-45F2-AB30-48CAB4D03B72}.Debug|Any CPU.Build.0 = Debug|Any CPU
		{24614C09-2C60-45F2-AB30-48CAB4D03B72}.Release|Any CPU.ActiveCfg = Release|Any CPU
		{24614C09-2C60-45F2-AB30-48CAB4D03B72}.Release|Any CPU.Build.0 = Release|Any CPU
		{2B7DF4ED-FD3D-4FDF-B752-8F25570E5EAE}.Debug|Any CPU.ActiveCfg = Debug|Any CPU
		{2B7DF4ED-FD3D-4FDF-B752-8F25570E5EAE}.Debug|Any CPU.Build.0 = Debug|Any CPU
		{2B7DF4ED-FD3D-4FDF-B752-8F25570E5EAE}.Release|Any CPU.ActiveCfg = Release|Any CPU
		{2B7DF4ED-FD3D-4FDF-B752-8F25570E5EAE}.Release|Any CPU.Build.0 = Release|Any CPU
		{AFF9A82B-134C-4226-BAB0-7DC6FEC283B3}.Debug|Any CPU.ActiveCfg = Debug|Any CPU
		{AFF9A82B-134C-4226-BAB0-7DC6FEC283B3}.Debug|Any CPU.Build.0 = Debug|Any CPU
		{AFF9A82B-134C-4226-BAB0-7DC6FEC283B3}.Debug|Any CPU.Deploy.0 = Debug|Any CPU
		{AFF9A82B-134C-4226-BAB0-7DC6FEC283B3}.Release|Any CPU.ActiveCfg = Release|Any CPU
		{AFF9A82B-134C-4226-BAB0-7DC6FEC283B3}.Release|Any CPU.Build.0 = Release|Any CPU
		{AFF9A82B-134C-4226-BAB0-7DC6FEC283B3}.Release|Any CPU.Deploy.0 = Release|Any CPU
		{F5283E64-54CA-4FAF-BF22-2BB8AA5AF3F5}.Debug|Any CPU.ActiveCfg = Debug|Any CPU
		{F5283E64-54CA-4FAF-BF22-2BB8AA5AF3F5}.Debug|Any CPU.Build.0 = Debug|Any CPU
		{F5283E64-54CA-4FAF-BF22-2BB8AA5AF3F5}.Release|Any CPU.ActiveCfg = Release|Any CPU
		{F5283E64-54CA-4FAF-BF22-2BB8AA5AF3F5}.Release|Any CPU.Build.0 = Release|Any CPU
		{259460D7-604C-4BE0-9743-EF8A38FAE5D8}.Debug|Any CPU.ActiveCfg = Debug|Any CPU
		{259460D7-604C-4BE0-9743-EF8A38FAE5D8}.Debug|Any CPU.Build.0 = Debug|Any CPU
		{259460D7-604C-4BE0-9743-EF8A38FAE5D8}.Release|Any CPU.ActiveCfg = Release|Any CPU
		{259460D7-604C-4BE0-9743-EF8A38FAE5D8}.Release|Any CPU.Build.0 = Release|Any CPU
		{85BF4468-DB8A-40D5-8304-8FB4EB160A1E}.Debug|Any CPU.ActiveCfg = Debug|Any CPU
		{85BF4468-DB8A-40D5-8304-8FB4EB160A1E}.Debug|Any CPU.Build.0 = Debug|Any CPU
		{85BF4468-DB8A-40D5-8304-8FB4EB160A1E}.Release|Any CPU.ActiveCfg = Release|Any CPU
		{85BF4468-DB8A-40D5-8304-8FB4EB160A1E}.Release|Any CPU.Build.0 = Release|Any CPU
		{840332BD-2A31-4805-B127-88EE478CF170}.Debug|Any CPU.ActiveCfg = Debug|Any CPU
		{840332BD-2A31-4805-B127-88EE478CF170}.Debug|Any CPU.Build.0 = Debug|Any CPU
		{840332BD-2A31-4805-B127-88EE478CF170}.Release|Any CPU.ActiveCfg = Release|Any CPU
		{840332BD-2A31-4805-B127-88EE478CF170}.Release|Any CPU.Build.0 = Release|Any CPU
		{F87F2264-172E-4602-A3F1-D235ACAB4F1C}.Debug|Any CPU.ActiveCfg = Debug|Any CPU
		{F87F2264-172E-4602-A3F1-D235ACAB4F1C}.Debug|Any CPU.Build.0 = Debug|Any CPU
		{F87F2264-172E-4602-A3F1-D235ACAB4F1C}.Debug|Any CPU.Deploy.0 = Debug|Any CPU
		{F87F2264-172E-4602-A3F1-D235ACAB4F1C}.Release|Any CPU.ActiveCfg = Release|Any CPU
		{F87F2264-172E-4602-A3F1-D235ACAB4F1C}.Release|Any CPU.Build.0 = Release|Any CPU
		{F87F2264-172E-4602-A3F1-D235ACAB4F1C}.Release|Any CPU.Deploy.0 = Release|Any CPU
		{3C946E9D-2E6F-4988-8B00-2D5B75F897F3}.Debug|Any CPU.ActiveCfg = Debug|Any CPU
		{3C946E9D-2E6F-4988-8B00-2D5B75F897F3}.Debug|Any CPU.Build.0 = Debug|Any CPU
		{3C946E9D-2E6F-4988-8B00-2D5B75F897F3}.Debug|Any CPU.Deploy.0 = Debug|Any CPU
		{3C946E9D-2E6F-4988-8B00-2D5B75F897F3}.Release|Any CPU.ActiveCfg = Release|Any CPU
		{3C946E9D-2E6F-4988-8B00-2D5B75F897F3}.Release|Any CPU.Build.0 = Release|Any CPU
		{3C946E9D-2E6F-4988-8B00-2D5B75F897F3}.Release|Any CPU.Deploy.0 = Release|Any CPU
		{D096401D-74FE-4ED7-9981-F1E428E04FC5}.Debug|Any CPU.ActiveCfg = Debug|Any CPU
		{D096401D-74FE-4ED7-9981-F1E428E04FC5}.Debug|Any CPU.Build.0 = Debug|Any CPU
		{D096401D-74FE-4ED7-9981-F1E428E04FC5}.Debug|Any CPU.Deploy.0 = Debug|Any CPU
		{D096401D-74FE-4ED7-9981-F1E428E04FC5}.Release|Any CPU.ActiveCfg = Release|Any CPU
		{D096401D-74FE-4ED7-9981-F1E428E04FC5}.Release|Any CPU.Build.0 = Release|Any CPU
		{D096401D-74FE-4ED7-9981-F1E428E04FC5}.Release|Any CPU.Deploy.0 = Release|Any CPU
		{EB9A38F8-E8D7-4540-A154-96013AF5620B}.Debug|Any CPU.ActiveCfg = Debug|Any CPU
		{EB9A38F8-E8D7-4540-A154-96013AF5620B}.Debug|Any CPU.Build.0 = Debug|Any CPU
		{EB9A38F8-E8D7-4540-A154-96013AF5620B}.Debug|Any CPU.Deploy.0 = Debug|Any CPU
		{EB9A38F8-E8D7-4540-A154-96013AF5620B}.Release|Any CPU.ActiveCfg = Release|Any CPU
		{EB9A38F8-E8D7-4540-A154-96013AF5620B}.Release|Any CPU.Build.0 = Release|Any CPU
		{EB9A38F8-E8D7-4540-A154-96013AF5620B}.Release|Any CPU.Deploy.0 = Release|Any CPU
		{D72416A6-AE29-4189-98DD-69A422A4B689}.Debug|Any CPU.ActiveCfg = Debug|Any CPU
		{D72416A6-AE29-4189-98DD-69A422A4B689}.Debug|Any CPU.Build.0 = Debug|Any CPU
		{D72416A6-AE29-4189-98DD-69A422A4B689}.Release|Any CPU.ActiveCfg = Release|Any CPU
		{D72416A6-AE29-4189-98DD-69A422A4B689}.Release|Any CPU.Build.0 = Release|Any CPU
		{FEEDB02D-ABFA-45AD-9DEE-D96A18A0DBC4}.Debug|Any CPU.ActiveCfg = Debug|Any CPU
		{FEEDB02D-ABFA-45AD-9DEE-D96A18A0DBC4}.Debug|Any CPU.Build.0 = Debug|Any CPU
		{FEEDB02D-ABFA-45AD-9DEE-D96A18A0DBC4}.Release|Any CPU.ActiveCfg = Release|Any CPU
		{FEEDB02D-ABFA-45AD-9DEE-D96A18A0DBC4}.Release|Any CPU.Build.0 = Release|Any CPU
		{F2D8BF58-C760-42CE-BE32-8A55C6213E0A}.Debug|Any CPU.ActiveCfg = Debug|Any CPU
		{F2D8BF58-C760-42CE-BE32-8A55C6213E0A}.Debug|Any CPU.Build.0 = Debug|Any CPU
		{F2D8BF58-C760-42CE-BE32-8A55C6213E0A}.Release|Any CPU.ActiveCfg = Release|Any CPU
		{F2D8BF58-C760-42CE-BE32-8A55C6213E0A}.Release|Any CPU.Build.0 = Release|Any CPU
		{8217A386-F18F-4FFF-A94E-1A1FA163BC90}.Debug|Any CPU.ActiveCfg = Debug|Any CPU
		{8217A386-F18F-4FFF-A94E-1A1FA163BC90}.Debug|Any CPU.Build.0 = Debug|Any CPU
		{8217A386-F18F-4FFF-A94E-1A1FA163BC90}.Release|Any CPU.ActiveCfg = Release|Any CPU
		{8217A386-F18F-4FFF-A94E-1A1FA163BC90}.Release|Any CPU.Build.0 = Release|Any CPU
		{66B154F5-AA2E-482F-9AA9-AB4AE4AEEE54}.Debug|Any CPU.ActiveCfg = Debug|Any CPU
		{66B154F5-AA2E-482F-9AA9-AB4AE4AEEE54}.Debug|Any CPU.Build.0 = Debug|Any CPU
		{66B154F5-AA2E-482F-9AA9-AB4AE4AEEE54}.Release|Any CPU.ActiveCfg = Release|Any CPU
		{66B154F5-AA2E-482F-9AA9-AB4AE4AEEE54}.Release|Any CPU.Build.0 = Release|Any CPU
	EndGlobalSection
	GlobalSection(SolutionProperties) = preSolution
		HideSolutionNode = FALSE
	EndGlobalSection
	GlobalSection(NestedProjects) = preSolution
		{68FE8B27-FA91-4CB4-A1BF-8D3CF7C9283E} = {78865F3F-9A8C-4B63-8859-FF86421AED6A}
		{C483FEB5-41D4-46AA-99DF-E88F98F1D118} = {78865F3F-9A8C-4B63-8859-FF86421AED6A}
		{4C7F28FE-B1A3-4D9F-A238-FC1757EEA1C3} = {68FE8B27-FA91-4CB4-A1BF-8D3CF7C9283E}
		{1854F311-D2BE-49DB-BB50-1AD04EFE1BA0} = {C483FEB5-41D4-46AA-99DF-E88F98F1D118}
		{CBFF51D5-396A-42B6-B014-78CA40262270} = {C483FEB5-41D4-46AA-99DF-E88F98F1D118}
		{57B31053-46EC-49B6-B020-A971CF04A037} = {C483FEB5-41D4-46AA-99DF-E88F98F1D118}
		{EBC9FF95-ED90-4678-AB4F-E07E84F12657} = {C483FEB5-41D4-46AA-99DF-E88F98F1D118}
		{52C3B097-E94F-437C-A33E-65A66E1A0358} = {C483FEB5-41D4-46AA-99DF-E88F98F1D118}
		{5A658984-A806-4C20-B72F-7850E1C870D7} = {C483FEB5-41D4-46AA-99DF-E88F98F1D118}
		{6188DCD7-13E5-4F16-86A1-D4B930B06E6B} = {57B31053-46EC-49B6-B020-A971CF04A037}
		{E2F21F4F-4B83-4725-A364-312247246512} = {5A658984-A806-4C20-B72F-7850E1C870D7}
		{CA66FC44-A1C0-4C85-8E7A-10FDED1DD067} = {1854F311-D2BE-49DB-BB50-1AD04EFE1BA0}
		{18285A7A-9D1E-446A-AB9A-B49A7BFBC928} = {52C3B097-E94F-437C-A33E-65A66E1A0358}
		{1D3B3D82-64B4-46CE-A362-B7756573A2BA} = {EBC9FF95-ED90-4678-AB4F-E07E84F12657}
		{56677724-70CF-452A-B720-D72128831973} = {CBFF51D5-396A-42B6-B014-78CA40262270}
		{9AA31426-8EDB-44E2-ADAE-834AD9C133D3} = {78865F3F-9A8C-4B63-8859-FF86421AED6A}
		{24614C09-2C60-45F2-AB30-48CAB4D03B72} = {9AA31426-8EDB-44E2-ADAE-834AD9C133D3}
		{2B7DF4ED-FD3D-4FDF-B752-8F25570E5EAE} = {9AA31426-8EDB-44E2-ADAE-834AD9C133D3}
		{AFF9A82B-134C-4226-BAB0-7DC6FEC283B3} = {C1369514-769B-4E34-A5B4-5BFC1A5F6443}
		{F5283E64-54CA-4FAF-BF22-2BB8AA5AF3F5} = {68FE8B27-FA91-4CB4-A1BF-8D3CF7C9283E}
		{259460D7-604C-4BE0-9743-EF8A38FAE5D8} = {68FE8B27-FA91-4CB4-A1BF-8D3CF7C9283E}
		{85BF4468-DB8A-40D5-8304-8FB4EB160A1E} = {68FE8B27-FA91-4CB4-A1BF-8D3CF7C9283E}
		{F54AF58A-50CC-4895-9510-9B0A776DCD8E} = {78865F3F-9A8C-4B63-8859-FF86421AED6A}
		{840332BD-2A31-4805-B127-88EE478CF170} = {F54AF58A-50CC-4895-9510-9B0A776DCD8E}
		{F87F2264-172E-4602-A3F1-D235ACAB4F1C} = {C1369514-769B-4E34-A5B4-5BFC1A5F6443}
		{3C946E9D-2E6F-4988-8B00-2D5B75F897F3} = {C1369514-769B-4E34-A5B4-5BFC1A5F6443}
		{D096401D-74FE-4ED7-9981-F1E428E04FC5} = {C1369514-769B-4E34-A5B4-5BFC1A5F6443}
		{CEF617EA-3AA9-4E65-AB19-41C1E87EABDE} = {C1369514-769B-4E34-A5B4-5BFC1A5F6443}
		{EB9A38F8-E8D7-4540-A154-96013AF5620B} = {C1369514-769B-4E34-A5B4-5BFC1A5F6443}
		{1EF08978-5E59-4722-ACDB-E0A14246D74A} = {3F8C8585-29D1-4892-9FBB-C92A1CC21171}
		{ACD9F9D7-8C2E-4334-8563-0FBF3603A5FE} = {3F8C8585-29D1-4892-9FBB-C92A1CC21171}
		{00B399E3-050C-4087-8944-86CE06CA2268} = {3F8C8585-29D1-4892-9FBB-C92A1CC21171}
		{D72416A6-AE29-4189-98DD-69A422A4B689} = {1EF08978-5E59-4722-ACDB-E0A14246D74A}
		{FEEDB02D-ABFA-45AD-9DEE-D96A18A0DBC4} = {1EF08978-5E59-4722-ACDB-E0A14246D74A}
		{F2D8BF58-C760-42CE-BE32-8A55C6213E0A} = {00B399E3-050C-4087-8944-86CE06CA2268}
		{8217A386-F18F-4FFF-A94E-1A1FA163BC90} = {ACD9F9D7-8C2E-4334-8563-0FBF3603A5FE}
		{AAEB1157-0BF6-48BA-8194-E7671ACF4194} = {3F8C8585-29D1-4892-9FBB-C92A1CC21171}
		{66B154F5-AA2E-482F-9AA9-AB4AE4AEEE54} = {AAEB1157-0BF6-48BA-8194-E7671ACF4194}
	EndGlobalSection
	GlobalSection(ExtensibilityGlobals) = postSolution
		SolutionGuid = {4DDD445B-D2D3-4747-B048-F5E985150EEE}
	EndGlobalSection
EndGlobal
